Microsoft Visual Studio Solution File, Format Version 12.00
# Visual Studio Version 17
VisualStudioVersion = 17.5.2.0
MinimumVisualStudioVersion = 10.0.40219.1
Project("{FAE04EC0-301F-11D3-BF4B-00C04F79EFBC}") = "Silk_HpBarPro", "Silk_HpBarPro.csproj", "{6249DBD7-ACE6-7B48-7817-E5A875BA55BB}"
EndProject
Global
	GlobalSection(SolutionConfigurationPlatforms) = preSolution
		Debug|Any CPU = Debug|Any CPU
		Release|Any CPU = Release|Any CPU
	EndGlobalSection
	GlobalSection(ProjectConfigurationPlatforms) = postSolution
		{6249DBD7-ACE6-7B48-7817-E5A875BA55BB}.Debug|Any CPU.ActiveCfg = Debug|Any CPU
		{6249DBD7-ACE6-7B48-7817-E5A875BA55BB}.Debug|Any CPU.Build.0 = Debug|Any CPU
		{6249DBD7-ACE6-7B48-7817-E5A875BA55BB}.Release|Any CPU.ActiveCfg = Release|Any CPU
		{6249DBD7-ACE6-7B48-7817-E5A875BA55BB}.Release|Any CPU.Build.0 = Release|Any CPU
	EndGlobalSection
	GlobalSection(ExtensibilityGlobals) = postSolution
		SolutionGuid = {27A85F5C-68F5-486B-ADD2-6873F33D5787}
	EndGlobalSection
EndGlobal
